
Microsoft Visual Studio Solution File, Format Version 12.00
# Visual Studio 15
VisualStudioVersion = 15.0.26124.0
MinimumVisualStudioVersion = 15.0.26124.0
Project("{FAE04EC0-301F-11D3-BF4B-00C04F79EFBC}") = "Consola", "Consola\Consola.csproj", "{4A357088-51D4-4F12-8310-D93C6AD53F15}"
EndProject
Project("{FAE04EC0-301F-11D3-BF4B-00C04F79EFBC}") = "Dominio", "Dominio\Dominio.csproj", "{48541D27-51A8-4CE3-BD66-761EEC3060CD}"
EndProject
Project("{FAE04EC0-301F-11D3-BF4B-00C04F79EFBC}") = "Frontend", "Frontend\Frontend.csproj", "{B5F7D817-F188-4714-A61A-0FF1A16C7D14}"
EndProject
Project("{FAE04EC0-301F-11D3-BF4B-00C04F79EFBC}") = "Persistencia", "Persistencia\Persistencia.csproj", "{4FFAC7F2-7CFD-4B45-9619-9CA52995F5F0}"
EndProject
Project("{FAE04EC0-301F-11D3-BF4B-00C04F79EFBC}") = "Servicios", "Servicios\Servicios.csproj", "{5459016E-5602-4C16-A09A-7F0F3BD78302}"
EndProject
Global
	GlobalSection(SolutionConfigurationPlatforms) = preSolution
		Debug|Any CPU = Debug|Any CPU
		Debug|x64 = Debug|x64
		Debug|x86 = Debug|x86
		Release|Any CPU = Release|Any CPU
		Release|x64 = Release|x64
		Release|x86 = Release|x86
	EndGlobalSection
	GlobalSection(SolutionProperties) = preSolution
		HideSolutionNode = FALSE
	EndGlobalSection
	GlobalSection(ProjectConfigurationPlatforms) = postSolution
		{4A357088-51D4-4F12-8310-D93C6AD53F15}.Debug|Any CPU.ActiveCfg = Debug|Any CPU
		{4A357088-51D4-4F12-8310-D93C6AD53F15}.Debug|Any CPU.Build.0 = Debug|Any CPU
		{4A357088-51D4-4F12-8310-D93C6AD53F15}.Debug|x64.ActiveCfg = Debug|Any CPU
		{4A357088-51D4-4F12-8310-D93C6AD53F15}.Debug|x64.Build.0 = Debug|Any CPU
		{4A357088-51D4-4F12-8310-D93C6AD53F15}.Debug|x86.ActiveCfg = Debug|Any CPU
		{4A357088-51D4-4F12-8310-D93C6AD53F15}.Debug|x86.Build.0 = Debug|Any CPU
		{4A357088-51D4-4F12-8310-D93C6AD53F15}.Release|Any CPU.ActiveCfg = Release|Any CPU
		{4A357088-51D4-4F12-8310-D93C6AD53F15}.Release|Any CPU.Build.0 = Release|Any CPU
		{4A357088-51D4-4F12-8310-D93C6AD53F15}.Release|x64.ActiveCfg = Release|Any CPU
		{4A357088-51D4-4F12-8310-D93C6AD53F15}.Release|x64.Build.0 = Release|Any CPU
		{4A357088-51D4-4F12-8310-D93C6AD53F15}.Release|x86.ActiveCfg = Release|Any CPU
		{4A357088-51D4-4F12-8310-D93C6AD53F15}.Release|x86.Build.0 = Release|Any CPU
		{48541D27-51A8-4CE3-BD66-761EEC3060CD}.Debug|Any CPU.ActiveCfg = Debug|Any CPU
		{48541D27-51A8-4CE3-BD66-761EEC3060CD}.Debug|Any CPU.Build.0 = Debug|Any CPU
		{48541D27-51A8-4CE3-BD66-761EEC3060CD}.Debug|x64.ActiveCfg = Debug|Any CPU
		{48541D27-51A8-4CE3-BD66-761EEC3060CD}.Debug|x64.Build.0 = Debug|Any CPU
		{48541D27-51A8-4CE3-BD66-761EEC3060CD}.Debug|x86.ActiveCfg = Debug|Any CPU
		{48541D27-51A8-4CE3-BD66-761EEC3060CD}.Debug|x86.Build.0 = Debug|Any CPU
		{48541D27-51A8-4CE3-BD66-761EEC3060CD}.Release|Any CPU.ActiveCfg = Release|Any CPU
		{48541D27-51A8-4CE3-BD66-761EEC3060CD}.Release|Any CPU.Build.0 = Release|Any CPU
		{48541D27-51A8-4CE3-BD66-761EEC3060CD}.Release|x64.ActiveCfg = Release|Any CPU
		{48541D27-51A8-4CE3-BD66-761EEC3060CD}.Release|x64.Build.0 = Release|Any CPU
		{48541D27-51A8-4CE3-BD66-761EEC3060CD}.Release|x86.ActiveCfg = Release|Any CPU
		{48541D27-51A8-4CE3-BD66-761EEC3060CD}.Release|x86.Build.0 = Release|Any CPU
		{B5F7D817-F188-4714-A61A-0FF1A16C7D14}.Debug|Any CPU.ActiveCfg = Debug|Any CPU
		{B5F7D817-F188-4714-A61A-0FF1A16C7D14}.Debug|Any CPU.Build.0 = Debug|Any CPU
		{B5F7D817-F188-4714-A61A-0FF1A16C7D14}.Debug|x64.ActiveCfg = Debug|Any CPU
		{B5F7D817-F188-4714-A61A-0FF1A16C7D14}.Debug|x64.Build.0 = Debug|Any CPU
		{B5F7D817-F188-4714-A61A-0FF1A16C7D14}.Debug|x86.ActiveCfg = Debug|Any CPU
		{B5F7D817-F188-4714-A61A-0FF1A16C7D14}.Debug|x86.Build.0 = Debug|Any CPU
		{B5F7D817-F188-4714-A61A-0FF1A16C7D14}.Release|Any CPU.ActiveCfg = Release|Any CPU
		{B5F7D817-F188-4714-A61A-0FF1A16C7D14}.Release|Any CPU.Build.0 = Release|Any CPU
		{B5F7D817-F188-4714-A61A-0FF1A16C7D14}.Release|x64.ActiveCfg = Release|Any CPU
		{B5F7D817-F188-4714-A61A-0FF1A16C7D14}.Release|x64.Build.0 = Release|Any CPU
		{B5F7D817-F188-4714-A61A-0FF1A16C7D14}.Release|x86.ActiveCfg = Release|Any CPU
		{B5F7D817-F188-4714-A61A-0FF1A16C7D14}.Release|x86.Build.0 = Release|Any CPU
		{4FFAC7F2-7CFD-4B45-9619-9CA52995F5F0}.Debug|Any CPU.ActiveCfg = Debug|Any CPU
		{4FFAC7F2-7CFD-4B45-9619-9CA52995F5F0}.Debug|Any CPU.Build.0 = Debug|Any CPU
		{4FFAC7F2-7CFD-4B45-9619-9CA52995F5F0}.Debug|x64.ActiveCfg = Debug|Any CPU
		{4FFAC7F2-7CFD-4B45-9619-9CA52995F5F0}.Debug|x64.Build.0 = Debug|Any CPU
		{4FFAC7F2-7CFD-4B45-9619-9CA52995F5F0}.Debug|x86.ActiveCfg = Debug|Any CPU
		{4FFAC7F2-7CFD-4B45-9619-9CA52995F5F0}.Debug|x86.Build.0 = Debug|Any CPU
		{4FFAC7F2-7CFD-4B45-9619-9CA52995F5F0}.Release|Any CPU.ActiveCfg = Release|Any CPU
		{4FFAC7F2-7CFD-4B45-9619-9CA52995F5F0}.Release|Any CPU.Build.0 = Release|Any CPU
		{4FFAC7F2-7CFD-4B45-9619-9CA52995F5F0}.Release|x64.ActiveCfg = Release|Any CPU
		{4FFAC7F2-7CFD-4B45-9619-9CA52995F5F0}.Release|x64.Build.0 = Release|Any CPU
		{4FFAC7F2-7CFD-4B45-9619-9CA52995F5F0}.Release|x86.ActiveCfg = Release|Any CPU
		{4FFAC7F2-7CFD-4B45-9619-9CA52995F5F0}.Release|x86.Build.0 = Release|Any CPU
		{5459016E-5602-4C16-A09A-7F0F3BD78302}.Debug|Any CPU.ActiveCfg = Debug|Any CPU
		{5459016E-5602-4C16-A09A-7F0F3BD78302}.Debug|Any CPU.Build.0 = Debug|Any CPU
		{5459016E-5602-4C16-A09A-7F0F3BD78302}.Debug|x64.ActiveCfg = Debug|Any CPU
		{5459016E-5602-4C16-A09A-7F0F3BD78302}.Debug|x64.Build.0 = Debug|Any CPU
		{5459016E-5602-4C16-A09A-7F0F3BD78302}.Debug|x86.ActiveCfg = Debug|Any CPU
		{5459016E-5602-4C16-A09A-7F0F3BD78302}.Debug|x86.Build.0 = Debug|Any CPU
		{5459016E-5602-4C16-A09A-7F0F3BD78302}.Release|Any CPU.ActiveCfg = Release|Any CPU
		{5459016E-5602-4C16-A09A-7F0F3BD78302}.Release|Any CPU.Build.0 = Release|Any CPU
		{5459016E-5602-4C16-A09A-7F0F3BD78302}.Release|x64.ActiveCfg = Release|Any CPU
		{5459016E-5602-4C16-A09A-7F0F3BD78302}.Release|x64.Build.0 = Release|Any CPU
		{5459016E-5602-4C16-A09A-7F0F3BD78302}.Release|x86.ActiveCfg = Release|Any CPU
		{5459016E-5602-4C16-A09A-7F0F3BD78302}.Release|x86.Build.0 = Release|Any CPU
	EndGlobalSection
EndGlobal
